
Microsoft Visual Studio Solution File, Format Version 12.00
Project("{2150E333-8FDC-42A3-9474-1A3956D46DE8}") = "Presentation", "Presentation", "{E4FF6581-7457-485A-BD9A-A2D63CA6781E}"
EndProject
Project("{FAE04EC0-301F-11D3-BF4B-00C04F79EFBC}") = "Roosevelt.Presentation.WebApi", "Roosevelt.Presentation.WebApi\Roosevelt.Presentation.WebApi.csproj", "{8D9F4E1C-32FF-405F-9E9C-872F929D4171}"
EndProject
Project("{2150E333-8FDC-42A3-9474-1A3956D46DE8}") = "Common", "Common", "{87697CD9-867F-4863-93D0-94BAE5FF8EAC}"
EndProject
Project("{FAE04EC0-301F-11D3-BF4B-00C04F79EFBC}") = "Roosevelt.Common.Persistence", "Roosevelt.Common.Persistence\Roosevelt.Common.Persistence.csproj", "{E10D5A62-5561-466B-887C-DB1E50AFE55E}"
EndProject
Project("{FAE04EC0-301F-11D3-BF4B-00C04F79EFBC}") = "Roosevelt.Common.Persistence.EntityFramework", "Roosevelt.Common.Persistence.EntityFramework\Roosevelt.Common.Persistence.EntityFramework.csproj", "{5EAE597D-A0BB-43EE-8E94-8D85A9BEE8C2}"
EndProject
Project("{FAE04EC0-301F-11D3-BF4B-00C04F79EFBC}") = "Roosevelt.Infrastructure.AspNetCore", "Roosevelt.Infrastructure.AspNetCore\Roosevelt.Infrastructure.AspNetCore.csproj", "{87A4774A-A7AB-4AC0-9944-DBB2C4C10CD7}"
EndProject
Project("{2150E333-8FDC-42A3-9474-1A3956D46DE8}") = "Modules", "Modules", "{03EC46DD-490A-4A55-A587-A2C646F05750}"
EndProject
Project("{2150E333-8FDC-42A3-9474-1A3956D46DE8}") = "Plugin", "Plugin", "{645BF464-A283-46D9-BB86-7C732E038BF7}"
EndProject
Project("{FAE04EC0-301F-11D3-BF4B-00C04F79EFBC}") = "Roosevelt.Module.Plugin", "Roosevelt.Module.Plugin\Roosevelt.Module.Plugin.csproj", "{E963F692-DC1A-45D5-8F92-7772E1825157}"
EndProject
Project("{FAE04EC0-301F-11D3-BF4B-00C04F79EFBC}") = "Roosevelt.Module.Plugin.Presentation", "Roosevelt.Module.Plugin.Presentation\Roosevelt.Module.Plugin.Presentation.csproj", "{BE1A1B26-4AA3-402F-97DF-26C0C6E4166A}"
EndProject
Project("{FAE04EC0-301F-11D3-BF4B-00C04F79EFBC}") = "Roosevelt.Module.Plugin.Domain", "Roosevelt.Module.Plugin.Domain\Roosevelt.Module.Plugin.Domain.csproj", "{58A50636-5ACC-4804-BC7A-825E24B4484F}"
EndProject
Project("{FAE04EC0-301F-11D3-BF4B-00C04F79EFBC}") = "Roosevelt.Module.Plugin.Persistence", "Roosevelt.Module.Plugin.Persistence\Roosevelt.Module.Plugin.Persistence.csproj", "{5870AF60-E3C8-4CE0-B785-0F85DC138AD0}"
EndProject
Project("{FAE04EC0-301F-11D3-BF4B-00C04F79EFBC}") = "Roosevelt.Module.Plugin.Application", "Roosevelt.Module.Plugin.Application\Roosevelt.Module.Plugin.Application.csproj", "{CDEFD113-B575-4FA9-94E1-B28EB219CA40}"
EndProject
Project("{FAE04EC0-301F-11D3-BF4B-00C04F79EFBC}") = "Roosevelt.DatabaseMigrator", "Roosevelt.DatabaseMigrator\Roosevelt.DatabaseMigrator.csproj", "{C43BE0A8-F4C3-47BF-88D3-A1982DD04E18}"
EndProject
Global
	GlobalSection(SolutionConfigurationPlatforms) = preSolution
		Debug|Any CPU = Debug|Any CPU
		Release|Any CPU = Release|Any CPU
	EndGlobalSection
	GlobalSection(ProjectConfigurationPlatforms) = postSolution
		{8D9F4E1C-32FF-405F-9E9C-872F929D4171}.Debug|Any CPU.ActiveCfg = Debug|Any CPU
		{8D9F4E1C-32FF-405F-9E9C-872F929D4171}.Debug|Any CPU.Build.0 = Debug|Any CPU
		{8D9F4E1C-32FF-405F-9E9C-872F929D4171}.Release|Any CPU.ActiveCfg = Release|Any CPU
		{8D9F4E1C-32FF-405F-9E9C-872F929D4171}.Release|Any CPU.Build.0 = Release|Any CPU
		{E10D5A62-5561-466B-887C-DB1E50AFE55E}.Debug|Any CPU.ActiveCfg = Debug|Any CPU
		{E10D5A62-5561-466B-887C-DB1E50AFE55E}.Debug|Any CPU.Build.0 = Debug|Any CPU
		{E10D5A62-5561-466B-887C-DB1E50AFE55E}.Release|Any CPU.ActiveCfg = Release|Any CPU
		{E10D5A62-5561-466B-887C-DB1E50AFE55E}.Release|Any CPU.Build.0 = Release|Any CPU
		{5EAE597D-A0BB-43EE-8E94-8D85A9BEE8C2}.Debug|Any CPU.ActiveCfg = Debug|Any CPU
		{5EAE597D-A0BB-43EE-8E94-8D85A9BEE8C2}.Debug|Any CPU.Build.0 = Debug|Any CPU
		{5EAE597D-A0BB-43EE-8E94-8D85A9BEE8C2}.Release|Any CPU.ActiveCfg = Release|Any CPU
		{5EAE597D-A0BB-43EE-8E94-8D85A9BEE8C2}.Release|Any CPU.Build.0 = Release|Any CPU
		{87A4774A-A7AB-4AC0-9944-DBB2C4C10CD7}.Debug|Any CPU.ActiveCfg = Debug|Any CPU
		{87A4774A-A7AB-4AC0-9944-DBB2C4C10CD7}.Debug|Any CPU.Build.0 = Debug|Any CPU
		{87A4774A-A7AB-4AC0-9944-DBB2C4C10CD7}.Release|Any CPU.ActiveCfg = Release|Any CPU
		{87A4774A-A7AB-4AC0-9944-DBB2C4C10CD7}.Release|Any CPU.Build.0 = Release|Any CPU
		{E963F692-DC1A-45D5-8F92-7772E1825157}.Debug|Any CPU.ActiveCfg = Debug|Any CPU
		{E963F692-DC1A-45D5-8F92-7772E1825157}.Debug|Any CPU.Build.0 = Debug|Any CPU
		{E963F692-DC1A-45D5-8F92-7772E1825157}.Release|Any CPU.ActiveCfg = Release|Any CPU
		{E963F692-DC1A-45D5-8F92-7772E1825157}.Release|Any CPU.Build.0 = Release|Any CPU
		{BE1A1B26-4AA3-402F-97DF-26C0C6E4166A}.Debug|Any CPU.ActiveCfg = Debug|Any CPU
		{BE1A1B26-4AA3-402F-97DF-26C0C6E4166A}.Debug|Any CPU.Build.0 = Debug|Any CPU
		{BE1A1B26-4AA3-402F-97DF-26C0C6E4166A}.Release|Any CPU.ActiveCfg = Release|Any CPU
		{BE1A1B26-4AA3-402F-97DF-26C0C6E4166A}.Release|Any CPU.Build.0 = Release|Any CPU
		{58A50636-5ACC-4804-BC7A-825E24B4484F}.Debug|Any CPU.ActiveCfg = Debug|Any CPU
		{58A50636-5ACC-4804-BC7A-825E24B4484F}.Debug|Any CPU.Build.0 = Debug|Any CPU
		{58A50636-5ACC-4804-BC7A-825E24B4484F}.Release|Any CPU.ActiveCfg = Release|Any CPU
		{58A50636-5ACC-4804-BC7A-825E24B4484F}.Release|Any CPU.Build.0 = Release|Any CPU
		{5870AF60-E3C8-4CE0-B785-0F85DC138AD0}.Debug|Any CPU.ActiveCfg = Debug|Any CPU
		{5870AF60-E3C8-4CE0-B785-0F85DC138AD0}.Debug|Any CPU.Build.0 = Debug|Any CPU
		{5870AF60-E3C8-4CE0-B785-0F85DC138AD0}.Release|Any CPU.ActiveCfg = Release|Any CPU
		{5870AF60-E3C8-4CE0-B785-0F85DC138AD0}.Release|Any CPU.Build.0 = Release|Any CPU
		{CDEFD113-B575-4FA9-94E1-B28EB219CA40}.Debug|Any CPU.ActiveCfg = Debug|Any CPU
		{CDEFD113-B575-4FA9-94E1-B28EB219CA40}.Debug|Any CPU.Build.0 = Debug|Any CPU
		{CDEFD113-B575-4FA9-94E1-B28EB219CA40}.Release|Any CPU.ActiveCfg = Release|Any CPU
		{CDEFD113-B575-4FA9-94E1-B28EB219CA40}.Release|Any CPU.Build.0 = Release|Any CPU
		{C43BE0A8-F4C3-47BF-88D3-A1982DD04E18}.Debug|Any CPU.ActiveCfg = Debug|Any CPU
		{C43BE0A8-F4C3-47BF-88D3-A1982DD04E18}.Debug|Any CPU.Build.0 = Debug|Any CPU
		{C43BE0A8-F4C3-47BF-88D3-A1982DD04E18}.Release|Any CPU.ActiveCfg = Release|Any CPU
		{C43BE0A8-F4C3-47BF-88D3-A1982DD04E18}.Release|Any CPU.Build.0 = Release|Any CPU
	EndGlobalSection
	GlobalSection(NestedProjects) = preSolution
		{8D9F4E1C-32FF-405F-9E9C-872F929D4171} = {E4FF6581-7457-485A-BD9A-A2D63CA6781E}
		{E10D5A62-5561-466B-887C-DB1E50AFE55E} = {87697CD9-867F-4863-93D0-94BAE5FF8EAC}
		{5EAE597D-A0BB-43EE-8E94-8D85A9BEE8C2} = {87697CD9-867F-4863-93D0-94BAE5FF8EAC}
		{645BF464-A283-46D9-BB86-7C732E038BF7} = {03EC46DD-490A-4A55-A587-A2C646F05750}
		{E963F692-DC1A-45D5-8F92-7772E1825157} = {645BF464-A283-46D9-BB86-7C732E038BF7}
		{BE1A1B26-4AA3-402F-97DF-26C0C6E4166A} = {645BF464-A283-46D9-BB86-7C732E038BF7}
		{58A50636-5ACC-4804-BC7A-825E24B4484F} = {645BF464-A283-46D9-BB86-7C732E038BF7}
		{5870AF60-E3C8-4CE0-B785-0F85DC138AD0} = {645BF464-A283-46D9-BB86-7C732E038BF7}
		{CDEFD113-B575-4FA9-94E1-B28EB219CA40} = {645BF464-A283-46D9-BB86-7C732E038BF7}
	EndGlobalSection
EndGlobal
